
Microsoft Visual Studio Solution File, Format Version 12.00
# Visual Studio Version 16
VisualStudioVersion = 16.0.30204.135
MinimumVisualStudioVersion = 10.0.40219.1
Project("{FAE04EC0-301F-11D3-BF4B-00C04F79EFBC}") = "CarAPI.API", "CarAPI.API\CarAPI.API.csproj", "{4C34235E-F0AE-494B-9A31-E5C3C2C90576}"
EndProject
Global
	GlobalSection(SolutionConfigurationPlatforms) = preSolution
		Debug|Any CPU = Debug|Any CPU
		Release|Any CPU = Release|Any CPU
	EndGlobalSection
	GlobalSection(ProjectConfigurationPlatforms) = postSolution
		{4C34235E-F0AE-494B-9A31-E5C3C2C90576}.Debug|Any CPU.ActiveCfg = Debug|Any CPU
		{4C34235E-F0AE-494B-9A31-E5C3C2C90576}.Debug|Any CPU.Build.0 = Debug|Any CPU
		{4C34235E-F0AE-494B-9A31-E5C3C2C90576}.Release|Any CPU.ActiveCfg = Release|Any CPU
		{4C34235E-F0AE-494B-9A31-E5C3C2C90576}.Release|Any CPU.Build.0 = Release|Any CPU
	EndGlobalSection
	GlobalSection(SolutionProperties) = preSolution
		HideSolutionNode = FALSE
	EndGlobalSection
	GlobalSection(ExtensibilityGlobals) = postSolution
		SolutionGuid = {35AAF276-A20A-4282-B180-4CAA393AEEC0}
	EndGlobalSection
EndGlobal
